{
  "nodes": {
    "nixpkgs": {
      "locked": {
        "lastModified": 1778602806,
        "narHash": "sha256-kDCU+0NMzRyBnxAVMhZU6EZqoJtGxX2H07ifh/lSkag=",
        "owner": "NixOS",
        "repo": "nixpkgs",
        "rev": "a0f7a00b81ec08c96307776476fed52328864e56",
        "type": "github"
      },
      "original": {
        "owner": "NixOS",
        "repo": "nixpkgs",
        "type": "github"
      }
    },
    "root": {
      "inputs": {
        "nixpkgs": "nixpkgs"
      }
    }
  },
  "root": "root",
  "version": 7
}
